
Microsoft Visual Studio Solution File, Format Version 12.00
# Visual Studio Version 16
VisualStudioVersion = 16.0.32802.440
MinimumVisualStudioVersion = 10.0.40219.1
Project("{FAE04EC0-301F-11D3-BF4B-00C04F79EFBC}") = "Device-Management-System", "Device-Management-System.csproj", "{AB64EAFE-5AC6-4EF8-9198-DDC3831F8D22}"
EndProject
Global
	GlobalSection(SolutionConfigurationPlatforms) = preSolution
		Debug|Any CPU = Debug|Any CPU
		Release|Any CPU = Release|Any CPU
	EndGlobalSection
	GlobalSection(ProjectConfigurationPlatforms) = postSolution
		{AB64EAFE-5AC6-4EF8-9198-DDC3831F8D22}.Debug|Any CPU.ActiveCfg = Debug|Any CPU
		{AB64EAFE-5AC6-4EF8-9198-DDC3831F8D22}.Debug|Any CPU.Build.0 = Debug|Any CPU
		{AB64EAFE-5AC6-4EF8-9198-DDC3831F8D22}.Release|Any CPU.ActiveCfg = Release|Any CPU
		{AB64EAFE-5AC6-4EF8-9198-DDC3831F8D22}.Release|Any CPU.Build.0 = Release|Any CPU
	EndGlobalSection
	GlobalSection(SolutionProperties) = preSolution
		HideSolutionNode = FALSE
	EndGlobalSection
	GlobalSection(ExtensibilityGlobals) = postSolution
		SolutionGuid = {C3DB3B4B-ED69-40E5-8A7F-317FC506352E}
	EndGlobalSection
EndGlobal
